
Microsoft Visual Studio Solution File, Format Version 12.00
Project("{FAE04EC0-301F-11D3-BF4B-00C04F79EFBC}") = "App-horarios-BackEnd", "App-horarios-BackEnd.csproj", "{27C3A4FD-D7FF-405B-B627-9B273FED673D}"
EndProject
Global
	GlobalSection(SolutionConfigurationPlatforms) = preSolution
		Debug|Any CPU = Debug|Any CPU
		Release|Any CPU = Release|Any CPU
	EndGlobalSection
	GlobalSection(ProjectConfigurationPlatforms) = postSolution
		{27C3A4FD-D7FF-405B-B627-9B273FED673D}.Debug|Any CPU.ActiveCfg = Debug|Any CPU
		{27C3A4FD-D7FF-405B-B627-9B273FED673D}.Debug|Any CPU.Build.0 = Debug|Any CPU
		{27C3A4FD-D7FF-405B-B627-9B273FED673D}.Release|Any CPU.ActiveCfg = Release|Any CPU
		{27C3A4FD-D7FF-405B-B627-9B273FED673D}.Release|Any CPU.Build.0 = Release|Any CPU
	EndGlobalSection
EndGlobal
